{
    "_readme": [
        "This file locks the dependencies of your project to a known state",
        "Read more about it at https://getcomposer.org/doc/01-basic-usage.md#installing-dependencies",
        "This file is @generated automatically"
    ],
    "content-hash": "7ddba84e2aa5f5e74ddd8b841f79f7b5",
    "packages": [
        {
            "name": "tncrazvan/asciitable",
            "version": "dev-master",
            "source": {
                "type": "git",
                "url": "https://github.com/tncrazvan/PhpAsciiTable.git",
                "reference": "f97e535de88f9d273f9b95560933875365a4a56d"
            },
            "dist": {
                "type": "zip",
                "url": "https://api.github.com/repos/tncrazvan/PhpAsciiTable/zipball/f97e535de88f9d273f9b95560933875365a4a56d",
                "reference": "f97e535de88f9d273f9b95560933875365a4a56d",
                "shasum": ""
            },
            "require": {
                "php": "^7.3"
            },
            "type": "library",
            "autoload": {
                "psr-4": {
                    "": [
                        "src",
                        "test",
                        "vendor"
                    ]
                }
            },
            "notification-url": "https://packagist.org/downloads/",
            "license": [
                "MIT"
            ],
            "authors": [
                {
                    "name": "tncrazvan",
                    "email": "tangent.jotey@gmail.com"
                }
            ],
            "description": "Php cli ascii table",
            "time": "2020-08-01T17:19:36+00:00"
        }
    ],
    "packages-dev": [],
    "aliases": [],
    "minimum-stability": "dev",
    "stability-flags": {
        "tncrazvan/asciitable": 20
    },
    "prefer-stable": false,
    "prefer-lowest": false,
    "platform": {
        "php": "^7.3"
    },
    "platform-dev": [],
    "plugin-api-version": "1.1.0"
}
